{
  "name": "auth0-webcomponent",
  "version": "0.0.1",
  "lockfileVersion": 1,
  "requires": true,
  "dependencies": {
    "@auth0/auth0-spa-js": {
      "version": "1.2.3",
      "resolved": "https://registry.npmjs.org/@auth0/auth0-spa-js/-/auth0-spa-js-1.2.3.tgz",
      "integrity": "sha512-8rk6z6Z7dFItggQFv4JdojlHPQ0xqpBXSA1DKALnqifFEn5qkWv/eiFnxtCDQhVRz723xysdup8xgLTvtopndg==",
      "requires": {
        "core-js": "^3.2.1",
        "es-cookie": "^1.2.0",
        "fast-text-encoding": "^1.0.0",
        "promise-polyfill": "^8.1.3",
        "unfetch": "^4.1.0"
      }
    },
    "@stencil/core": {
      "version": "1.4.0",
      "resolved": "https://registry.npmjs.org/@stencil/core/-/core-1.4.0.tgz",
      "integrity": "sha512-/iI87p7XsqE3U96ykx4SSY/btv9jZguI3JkG8RaTNlQipPUmPb0JmLei8sgijTUD/fY5TFuE3L1o8hwLI0rW3A==",
      "dev": true,
      "requires": {
        "typescript": "3.6.2"
      }
    },
    "core-js": {
      "version": "3.2.1",
      "resolved": "https://registry.npmjs.org/core-js/-/core-js-3.2.1.tgz",
      "integrity": "sha512-Qa5XSVefSVPRxy2XfUC13WbvqkxhkwB3ve+pgCQveNgYzbM/UxZeu1dcOX/xr4UmfUd+muuvsaxilQzCyUurMw=="
    },
    "es-cookie": {
      "version": "1.2.0",
      "resolved": "https://registry.npmjs.org/es-cookie/-/es-cookie-1.2.0.tgz",
      "integrity": "sha512-Rq23x7fV2NRhDbYHA+ebMUHJGyrHWtLd+xFoQ+Tq5kpsAv6FmqpC/SFdDpFJWiwNW7XUhG3GDxVKymDz7KxSRQ=="
    },
    "fast-text-encoding": {
      "version": "1.0.0",
      "resolved": "https://registry.npmjs.org/fast-text-encoding/-/fast-text-encoding-1.0.0.tgz",
      "integrity": "sha512-R9bHCvweUxxwkDwhjav5vxpFvdPGlVngtqmx4pIZfSUhM/Q4NiIUHB456BAf+Q1Nwu3HEZYONtu+Rya+af4jiQ=="
    },
    "promise-polyfill": {
      "version": "8.1.3",
      "resolved": "https://registry.npmjs.org/promise-polyfill/-/promise-polyfill-8.1.3.tgz",
      "integrity": "sha512-MG5r82wBzh7pSKDRa9y+vllNHz3e3d4CNj1PQE4BQYxLme0gKYYBm9YENq+UkEikyZ0XbiGWxYlVw3Rl9O/U8g=="
    },
    "rxjs": {
      "version": "6.5.3",
      "resolved": "https://registry.npmjs.org/rxjs/-/rxjs-6.5.3.tgz",
      "integrity": "sha512-wuYsAYYFdWTAnAaPoKGNhfpWwKZbJW+HgAJ+mImp+Epl7BG8oNWBCTyRM8gba9k4lk8BgWdoYm21Mo/RYhhbgA==",
      "requires": {
        "tslib": "^1.9.0"
      }
    },
    "tslib": {
      "version": "1.10.0",
      "resolved": "https://registry.npmjs.org/tslib/-/tslib-1.10.0.tgz",
      "integrity": "sha512-qOebF53frne81cf0S9B41ByenJ3/IuH8yJKngAX35CmiZySA0khhkovshKK+jGCaMnVomla7gVlIcc3EvKPbTQ=="
    },
    "typescript": {
      "version": "3.6.2",
      "resolved": "https://registry.npmjs.org/typescript/-/typescript-3.6.2.tgz",
      "integrity": "sha512-lmQ4L+J6mnu3xweP8+rOrUwzmN+MRAj7TgtJtDaXE5PMyX2kCrklhg3rvOsOIfNeAWMQWO2F1GPc1kMD2vLAfw==",
      "dev": true
    },
    "unfetch": {
      "version": "4.1.0",
      "resolved": "https://registry.npmjs.org/unfetch/-/unfetch-4.1.0.tgz",
      "integrity": "sha512-crP/n3eAPUJxZXM9T80/yv0YhkTEx2K1D3h7D1AJM6fzsWZrxdyRuLN0JH/dkZh1LNH8LxCnBzoPFCPbb2iGpg=="
    }
  }
}
